Microsoft Visual Studio Solution File, Format Version 12.00
# Visual Studio Version 16
VisualStudioVersion = 16.0.29209.62
MinimumVisualStudioVersion = 10.0.40219.1
Project("{9A19103F-16F7-4668-BE54-9A1E7A4F7556}") = "Galileo.Client", "projects\Galileo.Client\Galileo.Client.csproj", "{5835841A-D122-4424-AB82-3474A6418E59}"
EndProject
Project("{9A19103F-16F7-4668-BE54-9A1E7A4F7556}") = "Galileo.Client.CLI", "projects\Galileo.Client.CLI\Galileo.Client.CLI.csproj", "{889AADB4-C4F5-4D0D-AAB7-C57E75637C22}"
EndProject
Project("{9A19103F-16F7-4668-BE54-9A1E7A4F7556}") = "Galileo.Core", "projects\Galileo.Core\Galileo.Core.csproj", "{36FDC3A8-2234-40EA-83F3-AC75DC3B5AD0}"
EndProject
Project("{9A19103F-16F7-4668-BE54-9A1E7A4F7556}") = "Galileo.Localization", "projects\Galileo.Localization\Galileo.Localization.csproj", "{ADA47512-7F94-4991-A36C-8B848166338D}"
EndProject
Project("{9A19103F-16F7-4668-BE54-9A1E7A4F7556}") = "Galileo.Vendor", "projects\Galileo.Vendor\Galileo.Vendor.csproj", "{209021CC-2DF9-4DC1-9EE3-EC81FBD320FC}"
EndProject
Project("{9A19103F-16F7-4668-BE54-9A1E7A4F7556}") = "Galileo.Tests", "projects\Galileo.Tests\Galileo.Tests.csproj", "{F0D96F67-840D-4FE9-AFF9-D29B9188CA19}"
EndProject
Global
	GlobalSection(SolutionConfigurationPlatforms) = preSolution
		Debug|Any CPU = Debug|Any CPU
		Debug|x86 = Debug|x86
		Linux-Debug|Any CPU = Linux-Debug|Any CPU
		Linux-Debug|x86 = Linux-Debug|x86
		Linux-Release|Any CPU = Linux-Release|Any CPU
		Linux-Release|x86 = Linux-Release|x86
		macOS-Debug|Any CPU = macOS-Debug|Any CPU
		macOS-Debug|x86 = macOS-Debug|x86
		macOS-Release|Any CPU = macOS-Release|Any CPU
		macOS-Release|x86 = macOS-Release|x86
		Release|Any CPU = Release|Any CPU
		Release|x86 = Release|x86
	EndGlobalSection
	GlobalSection(ProjectConfigurationPlatforms) = postSolution
		{5835841A-D122-4424-AB82-3474A6418E59}.Debug|Any CPU.ActiveCfg = Debug|Any CPU
		{5835841A-D122-4424-AB82-3474A6418E59}.Debug|Any CPU.Build.0 = Debug|Any CPU
		{5835841A-D122-4424-AB82-3474A6418E59}.Debug|x86.ActiveCfg = Debug|Any CPU
		{5835841A-D122-4424-AB82-3474A6418E59}.Debug|x86.Build.0 = Debug|Any CPU
		{5835841A-D122-4424-AB82-3474A6418E59}.Linux-Debug|Any CPU.ActiveCfg = Debug|Any CPU
		{5835841A-D122-4424-AB82-3474A6418E59}.Linux-Debug|Any CPU.Build.0 = Debug|Any CPU
		{5835841A-D122-4424-AB82-3474A6418E59}.Linux-Debug|x86.ActiveCfg = Debug|Any CPU
		{5835841A-D122-4424-AB82-3474A6418E59}.Linux-Debug|x86.Build.0 = Debug|Any CPU
		{5835841A-D122-4424-AB82-3474A6418E59}.Linux-Release|Any CPU.ActiveCfg = Release|Any CPU
		{5835841A-D122-4424-AB82-3474A6418E59}.Linux-Release|Any CPU.Build.0 = Release|Any CPU
		{5835841A-D122-4424-AB82-3474A6418E59}.Linux-Release|x86.ActiveCfg = Release|Any CPU
		{5835841A-D122-4424-AB82-3474A6418E59}.Linux-Release|x86.Build.0 = Release|Any CPU
		{5835841A-D122-4424-AB82-3474A6418E59}.macOS-Debug|Any CPU.ActiveCfg = Debug|Any CPU
		{5835841A-D122-4424-AB82-3474A6418E59}.macOS-Debug|Any CPU.Build.0 = Debug|Any CPU
		{5835841A-D122-4424-AB82-3474A6418E59}.macOS-Debug|x86.ActiveCfg = Debug|Any CPU
		{5835841A-D122-4424-AB82-3474A6418E59}.macOS-Debug|x86.Build.0 = Debug|Any CPU
		{5835841A-D122-4424-AB82-3474A6418E59}.macOS-Release|Any CPU.ActiveCfg = Release|Any CPU
		{5835841A-D122-4424-AB82-3474A6418E59}.macOS-Release|Any CPU.Build.0 = Release|Any CPU
		{5835841A-D122-4424-AB82-3474A6418E59}.macOS-Release|x86.ActiveCfg = Release|Any CPU
		{5835841A-D122-4424-AB82-3474A6418E59}.macOS-Release|x86.Build.0 = Release|Any CPU
		{5835841A-D122-4424-AB82-3474A6418E59}.Release|Any CPU.ActiveCfg = Release|Any CPU
		{5835841A-D122-4424-AB82-3474A6418E59}.Release|Any CPU.Build.0 = Release|Any CPU
		{5835841A-D122-4424-AB82-3474A6418E59}.Release|x86.ActiveCfg = Release|Any CPU
		{5835841A-D122-4424-AB82-3474A6418E59}.Release|x86.Build.0 = Release|Any CPU
		{889AADB4-C4F5-4D0D-AAB7-C57E75637C22}.Debug|Any CPU.ActiveCfg = Debug|Any CPU
		{889AADB4-C4F5-4D0D-AAB7-C57E75637C22}.Debug|Any CPU.Build.0 = Debug|Any CPU
		{889AADB4-C4F5-4D0D-AAB7-C57E75637C22}.Debug|x86.ActiveCfg = Debug|Any CPU
		{889AADB4-C4F5-4D0D-AAB7-C57E75637C22}.Debug|x86.Build.0 = Debug|Any CPU
		{889AADB4-C4F5-4D0D-AAB7-C57E75637C22}.Linux-Debug|Any CPU.ActiveCfg = Debug|Any CPU
		{889AADB4-C4F5-4D0D-AAB7-C57E75637C22}.Linux-Debug|Any CPU.Build.0 = Debug|Any CPU
		{889AADB4-C4F5-4D0D-AAB7-C57E75637C22}.Linux-Debug|x86.ActiveCfg = Debug|Any CPU
		{889AADB4-C4F5-4D0D-AAB7-C57E75637C22}.Linux-Debug|x86.Build.0 = Debug|Any CPU
		{889AADB4-C4F5-4D0D-AAB7-C57E75637C22}.Linux-Release|Any CPU.ActiveCfg = Release|Any CPU
		{889AADB4-C4F5-4D0D-AAB7-C57E75637C22}.Linux-Release|Any CPU.Build.0 = Release|Any CPU
		{889AADB4-C4F5-4D0D-AAB7-C57E75637C22}.Linux-Release|x86.ActiveCfg = Release|Any CPU
		{889AADB4-C4F5-4D0D-AAB7-C57E75637C22}.Linux-Release|x86.Build.0 = Release|Any CPU
		{889AADB4-C4F5-4D0D-AAB7-C57E75637C22}.macOS-Debug|Any CPU.ActiveCfg = Debug|Any CPU
		{889AADB4-C4F5-4D0D-AAB7-C57E75637C22}.macOS-Debug|Any CPU.Build.0 = Debug|Any CPU
		{889AADB4-C4F5-4D0D-AAB7-C57E75637C22}.macOS-Debug|x86.ActiveCfg = Debug|Any CPU
		{889AADB4-C4F5-4D0D-AAB7-C57E75637C22}.macOS-Debug|x86.Build.0 = Debug|Any CPU
		{889AADB4-C4F5-4D0D-AAB7-C57E75637C22}.macOS-Release|Any CPU.ActiveCfg = Release|Any CPU
		{889AADB4-C4F5-4D0D-AAB7-C57E75637C22}.macOS-Release|Any CPU.Build.0 = Release|Any CPU
		{889AADB4-C4F5-4D0D-AAB7-C57E75637C22}.macOS-Release|x86.ActiveCfg = Release|Any CPU
		{889AADB4-C4F5-4D0D-AAB7-C57E75637C22}.macOS-Release|x86.Build.0 = Release|Any CPU
		{889AADB4-C4F5-4D0D-AAB7-C57E75637C22}.Release|Any CPU.ActiveCfg = Release|Any CPU
		{889AADB4-C4F5-4D0D-AAB7-C57E75637C22}.Release|Any CPU.Build.0 = Release|Any CPU
		{889AADB4-C4F5-4D0D-AAB7-C57E75637C22}.Release|x86.ActiveCfg = Release|Any CPU
		{889AADB4-C4F5-4D0D-AAB7-C57E75637C22}.Release|x86.Build.0 = Release|Any CPU
		{36FDC3A8-2234-40EA-83F3-AC75DC3B5AD0}.Debug|Any CPU.ActiveCfg = Debug|Any CPU
		{36FDC3A8-2234-40EA-83F3-AC75DC3B5AD0}.Debug|Any CPU.Build.0 = Debug|Any CPU
		{36FDC3A8-2234-40EA-83F3-AC75DC3B5AD0}.Debug|x86.ActiveCfg = Debug|Any CPU
		{36FDC3A8-2234-40EA-83F3-AC75DC3B5AD0}.Debug|x86.Build.0 = Debug|Any CPU
		{36FDC3A8-2234-40EA-83F3-AC75DC3B5AD0}.Linux-Debug|Any CPU.ActiveCfg = Debug|Any CPU
		{36FDC3A8-2234-40EA-83F3-AC75DC3B5AD0}.Linux-Debug|Any CPU.Build.0 = Debug|Any CPU
		{36FDC3A8-2234-40EA-83F3-AC75DC3B5AD0}.Linux-Debug|x86.ActiveCfg = Debug|Any CPU
		{36FDC3A8-2234-40EA-83F3-AC75DC3B5AD0}.Linux-Debug|x86.Build.0 = Debug|Any CPU
		{36FDC3A8-2234-40EA-83F3-AC75DC3B5AD0}.Linux-Release|Any CPU.ActiveCfg = Release|Any CPU
		{36FDC3A8-2234-40EA-83F3-AC75DC3B5AD0}.Linux-Release|Any CPU.Build.0 = Release|Any CPU
		{36FDC3A8-2234-40EA-83F3-AC75DC3B5AD0}.Linux-Release|x86.ActiveCfg = Release|Any CPU
		{36FDC3A8-2234-40EA-83F3-AC75DC3B5AD0}.Linux-Release|x86.Build.0 = Release|Any CPU
		{36FDC3A8-2234-40EA-83F3-AC75DC3B5AD0}.macOS-Debug|Any CPU.ActiveCfg = Debug|Any CPU
		{36FDC3A8-2234-40EA-83F3-AC75DC3B5AD0}.macOS-Debug|Any CPU.Build.0 = Debug|Any CPU
		{36FDC3A8-2234-40EA-83F3-AC75DC3B5AD0}.macOS-Debug|x86.ActiveCfg = Debug|Any CPU
		{36FDC3A8-2234-40EA-83F3-AC75DC3B5AD0}.macOS-Debug|x86.Build.0 = Debug|Any CPU
		{36FDC3A8-2234-40EA-83F3-AC75DC3B5AD0}.macOS-Release|Any CPU.ActiveCfg = Release|Any CPU
		{36FDC3A8-2234-40EA-83F3-AC75DC3B5AD0}.macOS-Release|Any CPU.Build.0 = Release|Any CPU
		{36FDC3A8-2234-40EA-83F3-AC75DC3B5AD0}.macOS-Release|x86.ActiveCfg = Release|Any CPU
		{36FDC3A8-2234-40EA-83F3-AC75DC3B5AD0}.macOS-Release|x86.Build.0 = Release|Any CPU
		{36FDC3A8-2234-40EA-83F3-AC75DC3B5AD0}.Release|Any CPU.ActiveCfg = Release|Any CPU
		{36FDC3A8-2234-40EA-83F3-AC75DC3B5AD0}.Release|Any CPU.Build.0 = Release|Any CPU
		{36FDC3A8-2234-40EA-83F3-AC75DC3B5AD0}.Release|x86.ActiveCfg = Release|Any CPU
		{36FDC3A8-2234-40EA-83F3-AC75DC3B5AD0}.Release|x86.Build.0 = Release|Any CPU
		{ADA47512-7F94-4991-A36C-8B848166338D}.Debug|Any CPU.ActiveCfg = Debug|Any CPU
		{ADA47512-7F94-4991-A36C-8B848166338D}.Debug|Any CPU.Build.0 = Debug|Any CPU
		{ADA47512-7F94-4991-A36C-8B848166338D}.Debug|x86.ActiveCfg = Debug|Any CPU
		{ADA47512-7F94-4991-A36C-8B848166338D}.Debug|x86.Build.0 = Debug|Any CPU
		{ADA47512-7F94-4991-A36C-8B848166338D}.Linux-Debug|Any CPU.ActiveCfg = Debug|Any CPU
		{ADA47512-7F94-4991-A36C-8B848166338D}.Linux-Debug|Any CPU.Build.0 = Debug|Any CPU
		{ADA47512-7F94-4991-A36C-8B848166338D}.Linux-Debug|x86.ActiveCfg = Debug|Any CPU
		{ADA47512-7F94-4991-A36C-8B848166338D}.Linux-Debug|x86.Build.0 = Debug|Any CPU
		{ADA47512-7F94-4991-A36C-8B848166338D}.Linux-Release|Any CPU.ActiveCfg = Release|Any CPU
		{ADA47512-7F94-4991-A36C-8B848166338D}.Linux-Release|Any CPU.Build.0 = Release|Any CPU
		{ADA47512-7F94-4991-A36C-8B848166338D}.Linux-Release|x86.ActiveCfg = Release|Any CPU
		{ADA47512-7F94-4991-A36C-8B848166338D}.Linux-Release|x86.Build.0 = Release|Any CPU
		{ADA47512-7F94-4991-A36C-8B848166338D}.macOS-Debug|Any CPU.ActiveCfg = Debug|Any CPU
		{ADA47512-7F94-4991-A36C-8B848166338D}.macOS-Debug|Any CPU.Build.0 = Debug|Any CPU
		{ADA47512-7F94-4991-A36C-8B848166338D}.macOS-Debug|x86.ActiveCfg = Debug|Any CPU
		{ADA47512-7F94-4991-A36C-8B848166338D}.macOS-Debug|x86.Build.0 = Debug|Any CPU
		{ADA47512-7F94-4991-A36C-8B848166338D}.macOS-Release|Any CPU.ActiveCfg = Release|Any CPU
		{ADA47512-7F94-4991-A36C-8B848166338D}.macOS-Release|Any CPU.Build.0 = Release|Any CPU
		{ADA47512-7F94-4991-A36C-8B848166338D}.macOS-Release|x86.ActiveCfg = Release|Any CPU
		{ADA47512-7F94-4991-A36C-8B848166338D}.macOS-Release|x86.Build.0 = Release|Any CPU
		{ADA47512-7F94-4991-A36C-8B848166338D}.Release|Any CPU.ActiveCfg = Release|Any CPU
		{ADA47512-7F94-4991-A36C-8B848166338D}.Release|Any CPU.Build.0 = Release|Any CPU
		{ADA47512-7F94-4991-A36C-8B848166338D}.Release|x86.ActiveCfg = Release|Any CPU
		{ADA47512-7F94-4991-A36C-8B848166338D}.Release|x86.Build.0 = Release|Any CPU
		{209021CC-2DF9-4DC1-9EE3-EC81FBD320FC}.Debug|Any CPU.ActiveCfg = Debug|Any CPU
		{209021CC-2DF9-4DC1-9EE3-EC81FBD320FC}.Debug|Any CPU.Build.0 = Debug|Any CPU
		{209021CC-2DF9-4DC1-9EE3-EC81FBD320FC}.Debug|x86.ActiveCfg = Debug|Any CPU
		{209021CC-2DF9-4DC1-9EE3-EC81FBD320FC}.Debug|x86.Build.0 = Debug|Any CPU
		{209021CC-2DF9-4DC1-9EE3-EC81FBD320FC}.Linux-Debug|Any CPU.ActiveCfg = Debug|Any CPU
		{209021CC-2DF9-4DC1-9EE3-EC81FBD320FC}.Linux-Debug|Any CPU.Build.0 = Debug|Any CPU
		{209021CC-2DF9-4DC1-9EE3-EC81FBD320FC}.Linux-Debug|x86.ActiveCfg = Debug|Any CPU
		{209021CC-2DF9-4DC1-9EE3-EC81FBD320FC}.Linux-Debug|x86.Build.0 = Debug|Any CPU
		{209021CC-2DF9-4DC1-9EE3-EC81FBD320FC}.Linux-Release|Any CPU.ActiveCfg = Release|Any CPU
		{209021CC-2DF9-4DC1-9EE3-EC81FBD320FC}.Linux-Release|Any CPU.Build.0 = Release|Any CPU
		{209021CC-2DF9-4DC1-9EE3-EC81FBD320FC}.Linux-Release|x86.ActiveCfg = Release|Any CPU
		{209021CC-2DF9-4DC1-9EE3-EC81FBD320FC}.Linux-Release|x86.Build.0 = Release|Any CPU
		{209021CC-2DF9-4DC1-9EE3-EC81FBD320FC}.macOS-Debug|Any CPU.ActiveCfg = Debug|Any CPU
		{209021CC-2DF9-4DC1-9EE3-EC81FBD320FC}.macOS-Debug|Any CPU.Build.0 = Debug|Any CPU
		{209021CC-2DF9-4DC1-9EE3-EC81FBD320FC}.macOS-Debug|x86.ActiveCfg = Debug|Any CPU
		{209021CC-2DF9-4DC1-9EE3-EC81FBD320FC}.macOS-Debug|x86.Build.0 = Debug|Any CPU
		{209021CC-2DF9-4DC1-9EE3-EC81FBD320FC}.macOS-Release|Any CPU.ActiveCfg = Release|Any CPU
		{209021CC-2DF9-4DC1-9EE3-EC81FBD320FC}.macOS-Release|Any CPU.Build.0 = Release|Any CPU
		{209021CC-2DF9-4DC1-9EE3-EC81FBD320FC}.macOS-Release|x86.ActiveCfg = Release|Any CPU
		{209021CC-2DF9-4DC1-9EE3-EC81FBD320FC}.macOS-Release|x86.Build.0 = Release|Any CPU
		{209021CC-2DF9-4DC1-9EE3-EC81FBD320FC}.Release|Any CPU.ActiveCfg = Release|Any CPU
		{209021CC-2DF9-4DC1-9EE3-EC81FBD320FC}.Release|Any CPU.Build.0 = Release|Any CPU
		{209021CC-2DF9-4DC1-9EE3-EC81FBD320FC}.Release|x86.ActiveCfg = Release|Any CPU
		{209021CC-2DF9-4DC1-9EE3-EC81FBD320FC}.Release|x86.Build.0 = Release|Any CPU
		{F0D96F67-840D-4FE9-AFF9-D29B9188CA19}.Debug|Any CPU.ActiveCfg = Debug|Any CPU
		{F0D96F67-840D-4FE9-AFF9-D29B9188CA19}.Debug|x86.ActiveCfg = Debug|Any CPU
		{F0D96F67-840D-4FE9-AFF9-D29B9188CA19}.Debug|x86.Build.0 = Debug|Any CPU
		{F0D96F67-840D-4FE9-AFF9-D29B9188CA19}.Linux-Debug|Any CPU.ActiveCfg = Debug|Any CPU
		{F0D96F67-840D-4FE9-AFF9-D29B9188CA19}.Linux-Debug|x86.ActiveCfg = Debug|Any CPU
		{F0D96F67-840D-4FE9-AFF9-D29B9188CA19}.Linux-Debug|x86.Build.0 = Debug|Any CPU
		{F0D96F67-840D-4FE9-AFF9-D29B9188CA19}.Linux-Release|Any CPU.ActiveCfg = Release|Any CPU
		{F0D96F67-840D-4FE9-AFF9-D29B9188CA19}.Linux-Release|x86.ActiveCfg = Release|Any CPU
		{F0D96F67-840D-4FE9-AFF9-D29B9188CA19}.Linux-Release|x86.Build.0 = Release|Any CPU
		{F0D96F67-840D-4FE9-AFF9-D29B9188CA19}.macOS-Debug|Any CPU.ActiveCfg = Debug|Any CPU
		{F0D96F67-840D-4FE9-AFF9-D29B9188CA19}.macOS-Debug|x86.ActiveCfg = Debug|Any CPU
		{F0D96F67-840D-4FE9-AFF9-D29B9188CA19}.macOS-Debug|x86.Build.0 = Debug|Any CPU
		{F0D96F67-840D-4FE9-AFF9-D29B9188CA19}.macOS-Release|Any CPU.ActiveCfg = Release|Any CPU
		{F0D96F67-840D-4FE9-AFF9-D29B9188CA19}.macOS-Release|x86.ActiveCfg = Release|Any CPU
		{F0D96F67-840D-4FE9-AFF9-D29B9188CA19}.macOS-Release|x86.Build.0 = Release|Any CPU
		{F0D96F67-840D-4FE9-AFF9-D29B9188CA19}.Release|Any CPU.ActiveCfg = Release|Any CPU
		{F0D96F67-840D-4FE9-AFF9-D29B9188CA19}.Release|x86.ActiveCfg = Release|Any CPU
		{F0D96F67-840D-4FE9-AFF9-D29B9188CA19}.Release|x86.Build.0 = Release|Any CPU
	EndGlobalSection
	GlobalSection(SolutionProperties) = preSolution
		HideSolutionNode = FALSE
	EndGlobalSection
	GlobalSection(ExtensibilityGlobals) = postSolution
		SolutionGuid = {098C9F3F-652C-43BB-9E7E-7486FE50E5FF}
	EndGlobalSection
	GlobalSection(MonoDevelopProperties) = preSolution
		Policies = $0
		$0.DotNetNamingPolicy = $1
		$1.DirectoryNamespaceAssociation = PrefixedHierarchical
		$0.TextStylePolicy = $2
		$2.inheritsSet = null
		$2.scope = text/x-csharp
		$0.CSharpFormattingPolicy = $3
		$3.scope = text/x-csharp
		$0.StandardHeader = $4
		$0.VersionControlPolicy = $5
		version = 2018.1
	EndGlobalSection
EndGlobal
